<?xml version="1.0" encoding="utf-8"?>
<Project ToolsVersion="4.0" xmlns="http://schemas.microsoft.com/developer/msbuild/2003">
  <ItemGroup>
    <Filter Include="源文件">
      <UniqueIdentifier>{4FC737F1-C7A5-4376-A066-2A32D752A2FF}</UniqueIdentifier>
      <Extensions>cpp;c;cc;cxx;c++;cppm;ixx;def;odl;idl;hpj;bat;asm;asmx</Extensions>
    </Filter>
    <Filter Include="头文件">
      <UniqueIdentifier>{93995380-89BD-4b04-88EB-625FBE52EBFB}</UniqueIdentifier>
      <Extensions>h;hh;hpp;hxx;h++;hm;inl;inc;ipp;xsd</Extensions>
    </Filter>
    <Filter Include="资源文件">
      <UniqueIdentifier>{67DA6AB6-F800-4c08-8B7A-83BB121AAD01}</UniqueIdentifier>
      <Extensions>rc;ico;cur;bmp;dlg;rc2;rct;bin;rgs;gif;jpg;jpeg;jpe;resx;tiff;tif;png;wav;mfcribbon-ms</Extensions>
    </Filter>
  </ItemGroup>
  <ItemGroup>
    <ClCompile Include="..\..\src\core_old\library.cpp">
      <Filter>源文件</Filter>
    </ClCompile>
    <ClCompile Include="..\..\src\core_old\main.cpp">
      <Filter>源文件</Filter>
    </ClCompile>
    <ClCompile Include="..\..\src\core_old\algorithm\Cycle.cpp">
      <Filter>源文件</Filter>
    </ClCompile>
    <ClCompile Include="..\..\src\core_old\algorithm\NoCycle.cpp">
      <Filter>源文件</Filter>
    </ClCompile>
    <ClCompile Include="..\..\src\core_old\algorithm\Solver.cpp">
      <Filter>源文件</Filter>
    </ClCompile>
    <ClCompile Include="..\..\src\core_old\error\MyError.cpp">
      <Filter>源文件</Filter>
    </ClCompile>
    <ClCompile Include="..\..\src\core_old\tools\JudgeChar.cpp">
      <Filter>源文件</Filter>
    </ClCompile>
    <ClCompile Include="..\..\src\core_old\var\Global.cpp">
      <Filter>源文件</Filter>
    </ClCompile>
    <ClCompile Include="..\..\src\core_old\var\Graph.cpp">
      <Filter>源文件</Filter>
    </ClCompile>
    <ClCompile Include="..\..\src\core_old\var\Parameter.cpp">
      <Filter>源文件</Filter>
    </ClCompile>
    <ClCompile Include="..\..\src\core_old\var\Word.cpp">
      <Filter>源文件</Filter>
    </ClCompile>
  </ItemGroup>
  <ItemGroup>
    <ClInclude Include="..\..\src\core_old\library.h">
      <Filter>头文件</Filter>
    </ClInclude>
    <ClInclude Include="..\..\src\core_old\algorithm\Algorithm.h">
      <Filter>头文件</Filter>
    </ClInclude>
    <ClInclude Include="..\..\src\core_old\algorithm\Cycle.h">
      <Filter>头文件</Filter>
    </ClInclude>
    <ClInclude Include="..\..\src\core_old\algorithm\NoCycle.h">
      <Filter>头文件</Filter>
    </ClInclude>
    <ClInclude Include="..\..\src\core_old\algorithm\Solver.h">
      <Filter>头文件</Filter>
    </ClInclude>
    <ClInclude Include="..\..\src\core_old\error\MyError.h">
      <Filter>头文件</Filter>
    </ClInclude>
    <ClInclude Include="..\..\src\core_old\tools\JudgeChar.h">
      <Filter>头文件</Filter>
    </ClInclude>
    <ClInclude Include="..\..\src\core_old\var\Constant.h">
      <Filter>头文件</Filter>
    </ClInclude>
    <ClInclude Include="..\..\src\core_old\var\Global.h">
      <Filter>头文件</Filter>
    </ClInclude>
    <ClInclude Include="..\..\src\core_old\var\Graph.h">
      <Filter>头文件</Filter>
    </ClInclude>
    <ClInclude Include="..\..\src\core_old\var\Information.h">
      <Filter>头文件</Filter>
    </ClInclude>
    <ClInclude Include="..\..\src\core_old\var\Parameter.h">
      <Filter>头文件</Filter>
    </ClInclude>
    <ClInclude Include="..\..\src\core_old\var\Word.h">
      <Filter>头文件</Filter>
    </ClInclude>
  </ItemGroup>
</Project>